# THIS IS AN AUTOGENERATED FILE. DO NOT EDIT THIS FILE DIRECTLY.
# yarn lockfile v1


bootstrap@4.6.1:
  version "4.6.1"
  resolved "https://registry.yarnpkg.com/bootstrap/-/bootstrap-4.6.1.tgz#bc25380c2c14192374e8dec07cf01b2742d222a2"
  integrity sha512-0dj+VgI9Ecom+rvvpNZ4MUZJz8dcX7WCX+eTID9+/8HgOkv3dsRzi8BGeZJCQU6flWQVYxwTQnEZFrmJSEO7og==

ngx-bootstrap@^6.2.0:
  version "6.2.0"
  resolved "https://registry.yarnpkg.com/ngx-bootstrap/-/ngx-bootstrap-6.2.0.tgz#678b274dabfda31411eb1234c981d1967750d890"
  integrity sha512-5WKHo6/ltkenw4UyXZwED8rODCgp2RGbWurzYzZsF/gH1JO5SN7TJ+AL6kXYk6XM42sDA2WhN9Db+ZPNjiyHnA==
